// !$*UTF8*$!
{
	archiveVersion = 1;
	classes = {
	};
	objectVersion = 55;
	objects = {

/* Begin PBXBuildFile section */
		178DF539ABB3EF07BA49E52C /* Pods_memoapp.framework in Frameworks */ = {isa = PBXBuildFile; fileRef = 2336BC4F4AB09AC66CCE8CB9 /* Pods_memoapp.framework */; };
		F239D6DB28955A0300558557 /* SearchViewController.swift in Sources */ = {isa = PBXBuildFile; fileRef = F239D6DA28955A0300558557 /* SearchViewController.swift */; };
		F239D6DE28956C3E00558557 /* Main.storyboard in Resources */ = {isa = PBXBuildFile; fileRef = F239D6DC28956C3E00558557 /* Main.storyboard */; };
		F25A44932849DB6600594DD3 /* Memo.swift in Sources */ = {isa = PBXBuildFile; fileRef = F25A44922849DB6600594DD3 /* Memo.swift */; };
		F26C74E0284E23000044C2F5 /* Customer.swift in Sources */ = {isa = PBXBuildFile; fileRef = F26C74DF284E23000044C2F5 /* Customer.swift */; };
		F27032A2285032500058C755 /* SearchBarViewController.swift in Sources */ = {isa = PBXBuildFile; fileRef = F27032A1285032500058C755 /* SearchBarViewController.swift */; };
		F27032A4285033FA0058C755 /* SearchByTitleViewController.swift in Sources */ = {isa = PBXBuildFile; fileRef = F27032A3285033FA0058C755 /* SearchByTitleViewController.swift */; };
		F27032A62850342E0058C755 /* SearchByDateViewController.swift in Sources */ = {isa = PBXBuildFile; fileRef = F27032A52850342E0058C755 /* SearchByDateViewController.swift */; };
		F27032A8285034400058C755 /* SearchByCustomerViewController.swift in Sources */ = {isa = PBXBuildFile; fileRef = F27032A7285034400058C755 /* SearchByCustomerViewController.swift */; };
		F2828D2B2849E25500FEB35A /* CustomerViewController.swift in Sources */ = {isa = PBXBuildFile; fileRef = F2828D2A2849E25500FEB35A /* CustomerViewController.swift */; };
		F2AF7D562849BCF00067398F /* AppDelegate.swift in Sources */ = {isa = PBXBuildFile; fileRef = F2AF7D552849BCF00067398F /* AppDelegate.swift */; };
		F2AF7D582849BCF00067398F /* SceneDelegate.swift in Sources */ = {isa = PBXBuildFile; fileRef = F2AF7D572849BCF00067398F /* SceneDelegate.swift */; };
		F2AF7D5A2849BCF00067398F /* ViewController.swift in Sources */ = {isa = PBXBuildFile; fileRef = F2AF7D592849BCF00067398F /* ViewController.swift */; };
		F2AF7D5F2849BCF10067398F /* Assets.xcassets in Resources */ = {isa = PBXBuildFile; fileRef = F2AF7D5E2849BCF10067398F /* Assets.xcassets */; };
		F2AF7D622849BCF10067398F /* LaunchScreen.storyboard in Resources */ = {isa = PBXBuildFile; fileRef = F2AF7D602849BCF10067398F /* LaunchScreen.storyboard */; };
		F2AF7D6A2849C7480067398F /* MemoViewController.swift in Sources */ = {isa = PBXBuildFile; fileRef = F2AF7D692849C7480067398F /* MemoViewController.swift */; };
/* End PBXBuildFile section */

/* Begin PBXFileReference section */
		0D4F960AD32476DB5F87DA28 /* Pods-memoapp.release.xcconfig */ = {isa = PBXFileReference; includeInIndex = 1; lastKnownFileType = text.xcconfig; name = "Pods-memoapp.release.xcconfig"; path = "Target Support Files/Pods-memoapp/Pods-memoapp.release.xcconfig"; sourceTree = "<group>"; };
		2336BC4F4AB09AC66CCE8CB9 /* Pods_memoapp.framework */ = {isa = PBXFileReference; explicitFileType = wrapper.framework; includeInIndex = 0; path = Pods_memoapp.framework; sourceTree = BUILT_PRODUCTS_DIR; };
		727A97BFE20A129AAC5CE350 /* Pods-memoapp.debug.xcconfig */ = {isa = PBXFileReference; includeInIndex = 1; lastKnownFileType = text.xcconfig; name = "Pods-memoapp.debug.xcconfig"; path = "Target Support Files/Pods-memoapp/Pods-memoapp.debug.xcconfig"; sourceTree = "<group>"; };
		F239D6DA28955A0300558557 /* SearchViewController.swift */ = {isa = PBXFileReference; lastKnownFileType = sourcecode.swift; path = SearchViewController.swift; sourceTree = "<group>"; };
		F239D6DD28956C3E00558557 /* Base */ = {isa = PBXFileReference; lastKnownFileType = file.storyboard; name = Base; path = Base.lproj/Main.storyboard; sourceTree = "<group>"; };
		F25A44922849DB6600594DD3 /* Memo.swift */ = {isa = PBXFileReference; lastKnownFileType = sourcecode.swift; path = Memo.swift; sourceTree = "<group>"; };
		F26C74DF284E23000044C2F5 /* Customer.swift */ = {isa = PBXFileReference; lastKnownFileType = sourcecode.swift; path = Customer.swift; sourceTree = "<group>"; };
		F27032A1285032500058C755 /* SearchBarViewController.swift */ = {isa = PBXFileReference; lastKnownFileType = sourcecode.swift; path = SearchBarViewController.swift; sourceTree = "<group>"; };
		F27032A3285033FA0058C755 /* SearchByTitleViewController.swift */ = {isa = PBXFileReference; lastKnownFileType = sourcecode.swift; path = SearchByTitleViewController.swift; sourceTree = "<group>"; };
		F27032A52850342E0058C755 /* SearchByDateViewController.swift */ = {isa = PBXFileReference; lastKnownFileType = sourcecode.swift; path = SearchByDateViewController.swift; sourceTree = "<group>"; };
		F27032A7285034400058C755 /* SearchByCustomerViewController.swift */ = {isa = PBXFileReference; lastKnownFileType = sourcecode.swift; path = SearchByCustomerViewController.swift; sourceTree = "<group>"; };
		F2828D2A2849E25500FEB35A /* CustomerViewController.swift */ = {isa = PBXFileReference; lastKnownFileType = sourcecode.swift; path = CustomerViewController.swift; sourceTree = "<group>"; };
		F2AF7D522849BCF00067398F /* memoapp.app */ = {isa = PBXFileReference; explicitFileType = wrapper.application; includeInIndex = 0; path = memoapp.app; sourceTree = BUILT_PRODUCTS_DIR; };
		F2AF7D552849BCF00067398F /* AppDelegate.swift */ = {isa = PBXFileReference; lastKnownFileType = sourcecode.swift; path = AppDelegate.swift; sourceTree = "<group>"; };
		F2AF7D572849BCF00067398F /* SceneDelegate.swift */ = {isa = PBXFileReference; lastKnownFileType = sourcecode.swift; path = SceneDelegate.swift; sourceTree = "<group>"; };
		F2AF7D592849BCF00067398F /* ViewController.swift */ = {isa = PBXFileReference; lastKnownFileType = sourcecode.swift; path = ViewController.swift; sourceTree = "<group>"; };
		F2AF7D5E2849BCF10067398F /* Assets.xcassets */ = {isa = PBXFileReference; lastKnownFileType = folder.assetcatalog; path = Assets.xcassets; sourceTree = "<group>"; };
		F2AF7D612849BCF10067398F /* Base */ = {isa = PBXFileReference; lastKnownFileType = file.storyboard; name = Base; path = Base.lproj/LaunchScreen.storyboard; sourceTree = "<group>"; };
		F2AF7D632849BCF10067398F /* Info.plist */ = {isa = PBXFileReference; lastKnownFileType = text.plist.xml; path = Info.plist; sourceTree = "<group>"; };
		F2AF7D692849C7480067398F /* MemoViewController.swift */ = {isa = PBXFileReference; lastKnownFileType = sourcecode.swift; path = MemoViewController.swift; sourceTree = "<group>"; };
/* End PBXFileReference section */

/* Begin PBXFrameworksBuildPhase section */
		F2AF7D4F2849BCF00067398F /* Frameworks */ = {
			isa = PBXFrameworksBuildPhase;
			buildActionMask = 2147483647;
			files = (
				178DF539ABB3EF07BA49E52C /* Pods_memoapp.framework in Frameworks */,
			);
			runOnlyForDeploymentPostprocessing = 0;
		};
/* End PBXFrameworksBuildPhase section */

/* Begin PBXGroup section */
		5CAA8A9DE4D12DCC2F5E537E /* Pods */ = {
			isa = PBXGroup;
			children = (
				727A97BFE20A129AAC5CE350 /* Pods-memoapp.debug.xcconfig */,
				0D4F960AD32476DB5F87DA28 /* Pods-memoapp.release.xcconfig */,
			);
			path = Pods;
			sourceTree = "<group>";
		};
		BE104D17913DD809E79DFB31 /* Frameworks */ = {
			isa = PBXGroup;
			children = (
				2336BC4F4AB09AC66CCE8CB9 /* Pods_memoapp.framework */,
			);
			name = Frameworks;
			sourceTree = "<group>";
		};
		F2AF7D492849BCF00067398F = {
			isa = PBXGroup;
			children = (
				F2AF7D542849BCF00067398F /* memoapp */,
				F2AF7D532849BCF00067398F /* Products */,
				5CAA8A9DE4D12DCC2F5E537E /* Pods */,
				BE104D17913DD809E79DFB31 /* Frameworks */,
			);
			sourceTree = "<group>";
		};
		F2AF7D532849BCF00067398F /* Products */ = {
			isa = PBXGroup;
			children = (
				F2AF7D522849BCF00067398F /* memoapp.app */,
			);
			name = Products;
			sourceTree = "<group>";
		};
		F2AF7D542849BCF00067398F /* memoapp */ = {
			isa = PBXGroup;
			children = (
				F2AF7D552849BCF00067398F /* AppDelegate.swift */,
				F2AF7D572849BCF00067398F /* SceneDelegate.swift */,
				F2AF7D592849BCF00067398F /* ViewController.swift */,
				F27032A52850342E0058C755 /* SearchByDateViewController.swift */,
				F239D6DC28956C3E00558557 /* Main.storyboard */,
				F26C74DF284E23000044C2F5 /* Customer.swift */,
				F27032A3285033FA0058C755 /* SearchByTitleViewController.swift */,
				F27032A7285034400058C755 /* SearchByCustomerViewController.swift */,
				F27032A1285032500058C755 /* SearchBarViewController.swift */,
				F2828D2A2849E25500FEB35A /* CustomerViewController.swift */,
				F2AF7D692849C7480067398F /* MemoViewController.swift */,
				F25A44922849DB6600594DD3 /* Memo.swift */,
				F2AF7D5E2849BCF10067398F /* Assets.xcassets */,
				F2AF7D602849BCF10067398F /* LaunchScreen.storyboard */,
				F2AF7D632849BCF10067398F /* Info.plist */,
				F239D6DA28955A0300558557 /* SearchViewController.swift */,
			);
			path = memoapp;
			sourceTree = "<group>";
		};
/* End PBXGroup section */

/* Begin PBXNativeTarget section */
		F2AF7D512849BCF00067398F /* memoapp */ = {
			isa = PBXNativeTarget;
			buildConfigurationList = F2AF7D662849BCF10067398F /* Build configuration list for PBXNativeTarget "memoapp" */;
			buildPhases = (
				D528BBE3DA85DAC38626EC33 /* [CP] Check Pods Manifest.lock */,
				F2AF7D4E2849BCF00067398F /* Sources */,
				F2AF7D4F2849BCF00067398F /* Frameworks */,
				F2AF7D502849BCF00067398F /* Resources */,
				EF1C69EE64EF46428863750E /* [CP] Embed Pods Frameworks */,
			);
			buildRules = (
			);
			dependencies = (
			);
			name = memoapp;
			productName = memoapp;
			productReference = F2AF7D522849BCF00067398F /* memoapp.app */;
			productType = "com.apple.product-type.application";
		};
/* End PBXNativeTarget section */

/* Begin PBXProject section */
		F2AF7D4A2849BCF00067398F /* Project object */ = {
			isa = PBXProject;
			attributes = {
				BuildIndependentTargetsInParallel = 1;
				LastSwiftUpdateCheck = 1310;
				LastUpgradeCheck = 1310;
				TargetAttributes = {
					F2AF7D512849BCF00067398F = {
						CreatedOnToolsVersion = 13.1;
					};
				};
			};
			buildConfigurationList = F2AF7D4D2849BCF00067398F /* Build configuration list for PBXProject "memoapp" */;
			compatibilityVersion = "Xcode 13.0";
			developmentRegion = en;
			hasScannedForEncodings = 0;
			knownRegions = (
				en,
				Base,
			);
			mainGroup = F2AF7D492849BCF00067398F;
			productRefGroup = F2AF7D532849BCF00067398F /* Products */;
			projectDirPath = "";
			projectRoot = "";
			targets = (
				F2AF7D512849BCF00067398F /* memoapp */,
			);
		};
/* End PBXProject section */

/* Begin PBXResourcesBuildPhase section */
		F2AF7D502849BCF00067398F /* Resources */ = {
			isa = PBXResourcesBuildPhase;
			buildActionMask = 2147483647;
			files = (
				F239D6DE28956C3E00558557 /* Main.storyboard in Resources */,
				F2AF7D622849BCF10067398F /* LaunchScreen.storyboard in Resources */,
				F2AF7D5F2849BCF10067398F /* Assets.xcassets in Resources */,
			);
			runOnlyForDeploymentPostprocessing = 0;
		};
/* End PBXResourcesBuildPhase section */

/* Begin PBXShellScriptBuildPhase section */
		D528BBE3DA85DAC38626EC33 /* [CP] Check Pods Manifest.lock */ = {
			isa = PBXShellScriptBuildPhase;
			buildActionMask = 2147483647;
			files = (
			);
			inputFileListPaths = (
			);
			inputPaths = (
				"${PODS_PODFILE_DIR_PATH}/Podfile.lock",
				"${PODS_ROOT}/Manifest.lock",
			);
			name = "[CP] Check Pods Manifest.lock";
			outputFileListPaths = (
			);
			outputPaths = (
				"$(DERIVED_FILE_DIR)/Pods-memoapp-checkManifestLockResult.txt",
			);
			runOnlyForDeploymentPostprocessing = 0;
			shellPath = /bin/sh;
			shellScript = "diff \"${PODS_PODFILE_DIR_PATH}/Podfile.lock\" \"${PODS_ROOT}/Manifest.lock\" > /dev/null\nif [ $? != 0 ] ; then\n    # print error to STDERR\n    echo \"error: The sandbox is not in sync with the Podfile.lock. Run 'pod install' or update your CocoaPods installation.\" >&2\n    exit 1\nfi\n# This output is used by Xcode 'outputs' to avoid re-running this script phase.\necho \"SUCCESS\" > \"${SCRIPT_OUTPUT_FILE_0}\"\n";
			showEnvVarsInLog = 0;
		};
		EF1C69EE64EF46428863750E /* [CP] Embed Pods Frameworks */ = {
			isa = PBXShellScriptBuildPhase;
			buildActionMask = 2147483647;
			files = (
			);
			inputFileListPaths = (
				"${PODS_ROOT}/Target Support Files/Pods-memoapp/Pods-memoapp-frameworks-${CONFIGURATION}-input-files.xcfilelist",
			);
			name = "[CP] Embed Pods Frameworks";
			outputFileListPaths = (
				"${PODS_ROOT}/Target Support Files/Pods-memoapp/Pods-memoapp-frameworks-${CONFIGURATION}-output-files.xcfilelist",
			);
			runOnlyForDeploymentPostprocessing = 0;
			shellPath = /bin/sh;
			shellScript = "\"${PODS_ROOT}/Target Support Files/Pods-memoapp/Pods-memoapp-frameworks.sh\"\n";
			showEnvVarsInLog = 0;
		};
/* End PBXShellScriptBuildPhase section */

/* Begin PBXSourcesBuildPhase section */
		F2AF7D4E2849BCF00067398F /* Sources */ = {
			isa = PBXSourcesBuildPhase;
			buildActionMask = 2147483647;
			files = (
				F2AF7D5A2849BCF00067398F /* ViewController.swift in Sources */,
				F26C74E0284E23000044C2F5 /* Customer.swift in Sources */,
				F27032A2285032500058C755 /* SearchBarViewController.swift in Sources */,
				F2AF7D562849BCF00067398F /* AppDelegate.swift in Sources */,
				F27032A62850342E0058C755 /* SearchByDateViewController.swift in Sources */,
				F2AF7D582849BCF00067398F /* SceneDelegate.swift in Sources */,
				F239D6DB28955A0300558557 /* SearchViewController.swift in Sources */,
				F2AF7D6A2849C7480067398F /* MemoViewController.swift in Sources */,
				F25A44932849DB6600594DD3 /* Memo.swift in Sources */,
				F27032A4285033FA0058C755 /* SearchByTitleViewController.swift in Sources */,
				F2828D2B2849E25500FEB35A /* CustomerViewController.swift in Sources */,
				F27032A8285034400058C755 /* SearchByCustomerViewController.swift in Sources */,
			);
			runOnlyForDeploymentPostprocessing = 0;
		};
/* End PBXSourcesBuildPhase section */

/* Begin PBXVariantGroup section */
		F239D6DC28956C3E00558557 /* Main.storyboard */ = {
			isa = PBXVariantGroup;
			children = (
				F239D6DD28956C3E00558557 /* Base */,
			);
			name = Main.storyboard;
			sourceTree = "<group>";
		};
		F2AF7D602849BCF10067398F /* LaunchScreen.storyboard */ = {
			isa = PBXVariantGroup;
			children = (
				F2AF7D612849BCF10067398F /* Base */,
			);
			name = LaunchScreen.storyboard;
			sourceTree = "<group>";
		};
/* End PBXVariantGroup section */

/* Begin XCBuildConfiguration section */
		F2AF7D642849BCF10067398F /* Debug */ = {
			isa = XCBuildConfiguration;
			buildSettings = {
				ALWAYS_SEARCH_USER_PATHS = NO;
				CLANG_ANALYZER_NONNULL = YES;
				CLANG_ANALYZER_NUMBER_OBJECT_CONVERSION = YES_AGGRESSIVE;
				CLANG_CXX_LANGUAGE_STANDARD = "gnu++17";
				CLANG_CXX_LIBRARY = "libc++";
				CLANG_ENABLE_MODULES = YES;
				CLANG_ENABLE_OBJC_ARC = YES;
				CLANG_ENABLE_OBJC_WEAK = YES;
				CLANG_WARN_BLOCK_CAPTURE_AUTORELEASING = YES;
				CLANG_WARN_BOOL_CONVERSION = YES;
				CLANG_WARN_COMMA = YES;
				CLANG_WARN_CONSTANT_CONVERSION = YES;
				CLANG_WARN_DEPRECATED_OBJC_IMPLEMENTATIONS = YES;
				CLANG_WARN_DIRECT_OBJC_ISA_USAGE = YES_ERROR;
				CLANG_WARN_DOCUMENTATION_COMMENTS = YES;
				CLANG_WARN_EMPTY_BODY = YES;
				CLANG_WARN_ENUM_CONVERSION = YES;
				CLANG_WARN_INFINITE_RECURSION = YES;
				CLANG_WARN_INT_CONVERSION = YES;
				CLANG_WARN_NON_LITERAL_NULL_CONVERSION = YES;
				CLANG_WARN_OBJC_IMPLICIT_RETAIN_SELF = YES;
				CLANG_WARN_OBJC_LITERAL_CONVERSION = YES;
				CLANG_WARN_OBJC_ROOT_CLASS = YES_ERROR;
				CLANG_WARN_QUOTED_INCLUDE_IN_FRAMEWORK_HEADER = YES;
				CLANG_WARN_RANGE_LOOP_ANALYSIS = YES;
				CLANG_WARN_STRICT_PROTOTYPES = YES;
				CLANG_WARN_SUSPICIOUS_MOVE = YES;
				CLANG_WARN_UNGUARDED_AVAILABILITY = YES_AGGRESSIVE;
				CLANG_WARN_UNREACHABLE_CODE = YES;
				CLANG_WARN__DUPLICATE_METHOD_MATCH = YES;
				COPY_PHASE_STRIP = NO;
				DEBUG_INFORMATION_FORMAT = dwarf;
				ENABLE_STRICT_OBJC_MSGSEND = YES;
				ENABLE_TESTABILITY = YES;
				GCC_C_LANGUAGE_STANDARD = gnu11;
				GCC_DYNAMIC_NO_PIC = NO;
				GCC_NO_COMMON_BLOCKS = YES;
				GCC_OPTIMIZATION_LEVEL = 0;
				GCC_PREPROCESSOR_DEFINITIONS = (
					"DEBUG=1",
					"$(inherited)",
				);
				GCC_WARN_64_TO_32_BIT_CONVERSION = YES;
				GCC_WARN_ABOUT_RETURN_TYPE = YES_ERROR;
				GCC_WARN_UNDECLARED_SELECTOR = YES;
				GCC_WARN_UNINITIALIZED_AUTOS = YES_AGGRESSIVE;
				GCC_WARN_UNUSED_FUNCTION = YES;
				GCC_WARN_UNUSED_VARIABLE = YES;
				IPHONEOS_DEPLOYMENT_TARGET = 15.0;
				MTL_ENABLE_DEBUG_INFO = INCLUDE_SOURCE;
				MTL_FAST_MATH = YES;
				ONLY_ACTIVE_ARCH = YES;
				SDKROOT = iphoneos;
				SWIFT_ACTIVE_COMPILATION_CONDITIONS = DEBUG;
				SWIFT_OPTIMIZATION_LEVEL = "-Onone";
			};
			name = Debug;
		};
		F2AF7D652849BCF10067398F /* Release */ = {
			isa = XCBuildConfiguration;
			buildSettings = {
				ALWAYS_SEARCH_USER_PATHS = NO;
				CLANG_ANALYZER_NONNULL = YES;
				CLANG_ANALYZER_NUMBER_OBJECT_CONVERSION = YES_AGGRESSIVE;
				CLANG_CXX_LANGUAGE_STANDARD = "gnu++17";
				CLANG_CXX_LIBRARY = "libc++";
				CLANG_ENABLE_MODULES = YES;
				CLANG_ENABLE_OBJC_ARC = YES;
				CLANG_ENABLE_OBJC_WEAK = YES;
				CLANG_WARN_BLOCK_CAPTURE_AUTORELEASING = YES;
				CLANG_WARN_BOOL_CONVERSION = YES;
				CLANG_WARN_COMMA = YES;
				CLANG_WARN_CONSTANT_CONVERSION = YES;
				CLANG_WARN_DEPRECATED_OBJC_IMPLEMENTATIONS = YES;
				CLANG_WARN_DIRECT_OBJC_ISA_USAGE = YES_ERROR;
				CLANG_WARN_DOCUMENTATION_COMMENTS = YES;
				CLANG_WARN_EMPTY_BODY = YES;
				CLANG_WARN_ENUM_CONVERSION = YES;
				CLANG_WARN_INFINITE_RECURSION = YES;
				CLANG_WARN_INT_CONVERSION = YES;
				CLANG_WARN_NON_LITERAL_NULL_CONVERSION = YES;
				CLANG_WARN_OBJC_IMPLICIT_RETAIN_SELF = YES;
				CLANG_WARN_OBJC_LITERAL_CONVERSION = YES;
				CLANG_WARN_OBJC_ROOT_CLASS = YES_ERROR;
				CLANG_WARN_QUOTED_INCLUDE_IN_FRAMEWORK_HEADER = YES;
				CLANG_WARN_RANGE_LOOP_ANALYSIS = YES;
				CLANG_WARN_STRICT_PROTOTYPES = YES;
				CLANG_WARN_SUSPICIOUS_MOVE = YES;
				CLANG_WARN_UNGUARDED_AVAILABILITY = YES_AGGRESSIVE;
				CLANG_WARN_UNREACHABLE_CODE = YES;
				CLANG_WARN__DUPLICATE_METHOD_MATCH = YES;
				COPY_PHASE_STRIP = NO;
				DEBUG_INFORMATION_FORMAT = "dwarf-with-dsym";
				ENABLE_NS_ASSERTIONS = NO;
				ENABLE_STRICT_OBJC_MSGSEND = YES;
				GCC_C_LANGUAGE_STANDARD = gnu11;
				GCC_NO_COMMON_BLOCKS = YES;
				GCC_WARN_64_TO_32_BIT_CONVERSION = YES;
				GCC_WARN_ABOUT_RETURN_TYPE = YES_ERROR;
				GCC_WARN_UNDECLARED_SELECTOR = YES;
				GCC_WARN_UNINITIALIZED_AUTOS = YES_AGGRESSIVE;
				GCC_WARN_UNUSED_FUNCTION = YES;
				GCC_WARN_UNUSED_VARIABLE = YES;
				IPHONEOS_DEPLOYMENT_TARGET = 15.0;
				MTL_ENABLE_DEBUG_INFO = NO;
				MTL_FAST_MATH = YES;
				SDKROOT = iphoneos;
				SWIFT_COMPILATION_MODE = wholemodule;
				SWIFT_OPTIMIZATION_LEVEL = "-O";
				VALIDATE_PRODUCT = YES;
			};
			name = Release;
		};
		F2AF7D672849BCF10067398F /* Debug */ = {
			isa = XCBuildConfiguration;
			baseConfigurationReference = 727A97BFE20A129AAC5CE350 /* Pods-memoapp.debug.xcconfig */;
			buildSettings = {
				ASSETCATALOG_COMPILER_APPICON_NAME = AppIcon;
				ASSETCATALOG_COMPILER_GLOBAL_ACCENT_COLOR_NAME = AccentColor;
				CODE_SIGN_STYLE = Automatic;
				CURRENT_PROJECT_VERSION = 1;
				DEVELOPMENT_TEAM = JPLYLGPPL6;
				GENERATE_INFOPLIST_FILE = YES;
				INFOPLIST_FILE = memoapp/Info.plist;
				INFOPLIST_KEY_LSApplicationCategoryType = "";
				INFOPLIST_KEY_UIApplicationSupportsIndirectInputEvents = YES;
				INFOPLIST_KEY_UILaunchStoryboardName = LaunchScreen;
				INFOPLIST_KEY_UIMainStoryboardFile = Main;
				INFOPLIST_KEY_UISupportedInterfaceOrientations_iPad = "UIInterfaceOrientationPortrait UIInterfaceOrientationPortraitUpsideDown UIInterfaceOrientationLandscapeLeft UIInterfaceOrientationLandscapeRight";
				INFOPLIST_KEY_UISupportedInterfaceOrientations_iPhone = UIInterfaceOrientationPortrait;
				LD_RUNPATH_SEARCH_PATHS = (
					"$(inherited)",
					"@executable_path/Frameworks",
				);
				MARKETING_VERSION = 1.0;
				PRODUCT_BUNDLE_IDENTIFIER = jp.techacademy.yuki.naito.memoapp;
				PRODUCT_NAME = "$(TARGET_NAME)";
				SWIFT_EMIT_LOC_STRINGS = YES;
				SWIFT_VERSION = 5.0;
				TARGETED_DEVICE_FAMILY = 1;
			};
			name = Debug;
		};
		F2AF7D682849BCF10067398F /* Release */ = {
			isa = XCBuildConfiguration;
			baseConfigurationReference = 0D4F960AD32476DB5F87DA28 /* Pods-memoapp.release.xcconfig */;
			buildSettings = {
				ASSETCATALOG_COMPILER_APPICON_NAME = AppIcon;
				ASSETCATALOG_COMPILER_GLOBAL_ACCENT_COLOR_NAME = AccentColor;
				CODE_SIGN_STYLE = Automatic;
				CURRENT_PROJECT_VERSION = 1;
				DEVELOPMENT_TEAM = JPLYLGPPL6;
				GENERATE_INFOPLIST_FILE = YES;
				INFOPLIST_FILE = memoapp/Info.plist;
				INFOPLIST_KEY_LSApplicationCategoryType = "";
				INFOPLIST_KEY_UIApplicationSupportsIndirectInputEvents = YES;
				INFOPLIST_KEY_UILaunchStoryboardName = LaunchScreen;
				INFOPLIST_KEY_UIMainStoryboardFile = Main;
				INFOPLIST_KEY_UISupportedInterfaceOrientations_iPad = "UIInterfaceOrientationPortrait UIInterfaceOrientationPortraitUpsideDown UIInterfaceOrientationLandscapeLeft UIInterfaceOrientationLandscapeRight";
				INFOPLIST_KEY_UISupportedInterfaceOrientations_iPhone = UIInterfaceOrientationPortrait;
				LD_RUNPATH_SEARCH_PATHS = (
					"$(inherited)",
					"@executable_path/Frameworks",
				);
				MARKETING_VERSION = 1.0;
				PRODUCT_BUNDLE_IDENTIFIER = jp.techacademy.yuki.naito.memoapp;
				PRODUCT_NAME = "$(TARGET_NAME)";
				SWIFT_EMIT_LOC_STRINGS = YES;
				SWIFT_VERSION = 5.0;
				TARGETED_DEVICE_FAMILY = 1;
			};
			name = Release;
		};
/* End XCBuildConfiguration section */

/* Begin XCConfigurationList section */
		F2AF7D4D2849BCF00067398F /* Build configuration list for PBXProject "memoapp" */ = {
			isa = XCConfigurationList;
			buildConfigurations = (
				F2AF7D642849BCF10067398F /* Debug */,
				F2AF7D652849BCF10067398F /* Release */,
			);
			defaultConfigurationIsVisible = 0;
			defaultConfigurationName = Release;
		};
		F2AF7D662849BCF10067398F /* Build configuration list for PBXNativeTarget "memoapp" */ = {
			isa = XCConfigurationList;
			buildConfigurations = (
				F2AF7D672849BCF10067398F /* Debug */,
				F2AF7D682849BCF10067398F /* Release */,
			);
			defaultConfigurationIsVisible = 0;
			defaultConfigurationName = Release;
		};
/* End XCConfigurationList section */
	};
	rootObject = F2AF7D4A2849BCF00067398F /* Project object */;
}
